# Generated by TESTCASES-003t generator — DO NOT EDIT
# Source: contracts/opcodes.yaml + contract-isa.md + adr-0004
# Each case has spec_cite and notes for traceability.

- class: encoding
  deferred_reason: null
  encoding:
    word: '0x48040000'
  expected_fault: null
  expected_pc: null
  expected_state: null
  format: rwii
  input_state: {}
  insn: or.w-rd
  mnemonic: or.w
  notes: 'encoding: word matches opcodes.yaml mask/value, fields legal, no ILLI'
  spec_cite: SimRISC-01 §立即数常数赋值：Immediate constant
  status: active
- class: semantic
  deferred_reason: null
  encoding:
    word: '0x4804FF00'
  expected_fault: null
  expected_pc: null
  expected_state:
    memory: []
    ra: {}
    rb: {}
    rd:
      rd1: '0x00FF00FF00FFFFFF'
  format: rwii
  input_state:
    rd:
      rd1: '0x00FF00FF00FF00FF'
  insn: or.w-rd
  mnemonic: or.w
  notes: 'or.w: wp0, immu16=0xFF00, rd1(old)=0xff00ff00ff00ff'
  spec_cite: SimRISC-01 §立即数常数赋值：Immediate constant
  status: active
- class: encoding
  deferred_reason: null
  encoding:
    word: '0x49040000'
  expected_fault: null
  expected_pc: null
  expected_state: null
  format: rwii
  input_state: {}
  insn: andn.w-rd
  mnemonic: andn.w
  notes: 'encoding: word matches opcodes.yaml mask/value, fields legal, no ILLI'
  spec_cite: SimRISC-01 §立即数常数赋值：Immediate constant
  status: active
- class: semantic
  deferred_reason: null
  encoding:
    word: '0x4904FF00'
  expected_fault: null
  expected_pc: null
  expected_state:
    memory: []
    ra: {}
    rb: {}
    rd:
      rd1: '0xFFFFFFFFFFFF00FF'
  format: rwii
  input_state:
    rd:
      rd1: '0xFFFFFFFFFFFFFFFF'
  insn: andn.w-rd
  mnemonic: andn.w
  notes: 'andn.w: wp0, immu16=0xFF00, rd1(old)=0xffffffffffffffff'
  spec_cite: SimRISC-01 §立即数常数赋值：Immediate constant
  status: active
- class: encoding
  deferred_reason: null
  encoding:
    word: '0x4A040000'
  expected_fault: null
  expected_pc: null
  expected_state: null
  format: rwii
  input_state: {}
  insn: or.w-rb
  mnemonic: or.w
  notes: 'encoding: word matches opcodes.yaml mask/value, fields legal, no ILLI'
  spec_cite: SimRISC-02 §立即数常数赋值：Immediate constant
  status: active
- class: semantic
  deferred_reason: null
  encoding:
    word: '0x4A04FF00'
  expected_fault: null
  expected_pc: null
  expected_state:
    memory: []
    ra: {}
    rb:
      rb1: '0x00FF00FF00FFFFFF'
    rd: {}
  format: rwii
  input_state:
    rb:
      rb1: '0x00FF00FF00FF00FF'
  insn: or.w-rb
  mnemonic: or.w
  notes: 'or.w: wp0, immu16=0xFF00, rb1(old)=0xff00ff00ff00ff'
  spec_cite: SimRISC-02 §立即数常数赋值：Immediate constant
  status: active
- class: encoding
  deferred_reason: null
  encoding:
    word: '0x4B040000'
  expected_fault: null
  expected_pc: null
  expected_state: null
  format: rwii
  input_state: {}
  insn: andn.w-rb
  mnemonic: andn.w
  notes: 'encoding: word matches opcodes.yaml mask/value, fields legal, no ILLI'
  spec_cite: SimRISC-02 §立即数常数赋值：Immediate constant
  status: active
- class: semantic
  deferred_reason: null
  encoding:
    word: '0x4B04FF00'
  expected_fault: null
  expected_pc: null
  expected_state:
    memory: []
    ra: {}
    rb:
      rb1: '0xFFFFFFFFFFFF00FF'
    rd: {}
  format: rwii
  input_state:
    rb:
      rb1: '0xFFFFFFFFFFFFFFFF'
  insn: andn.w-rb
  mnemonic: andn.w
  notes: 'andn.w: wp0, immu16=0xFF00, rb1(old)=0xffffffffffffffff'
  spec_cite: SimRISC-02 §立即数常数赋值：Immediate constant
  status: active
- class: encoding
  deferred_reason: null
  encoding:
    word: '0x4C040000'
  expected_fault: null
  expected_pc: null
  expected_state: null
  format: rwii
  input_state: {}
  insn: set.zw-rd
  mnemonic: set.zw
  notes: 'encoding: word matches opcodes.yaml mask/value, fields legal, no ILLI'
  spec_cite: SimRISC-01 §立即数常数赋值：Immediate constant
  status: active
- class: semantic
  deferred_reason: null
  encoding:
    word: '0x4C041234'
  expected_fault: null
  expected_pc: null
  expected_state:
    memory: []
    ra: {}
    rb: {}
    rd:
      rd1: '0x0000000000001234'
  format: rwii
  input_state:
    rd:
      rd1: '0x0000000000000000'
  insn: set.zw-rd
  mnemonic: set.zw
  notes: 'set.zw: wp0, immu16=0x1234, rd1(old)=0x0'
  spec_cite: SimRISC-01 §立即数常数赋值：Immediate constant
  status: active
- class: encoding
  deferred_reason: null
  encoding:
    word: '0x4D040000'
  expected_fault: null
  expected_pc: null
  expected_state: null
  format: rwii
  input_state: {}
  insn: set.ow-rd
  mnemonic: set.ow
  notes: 'encoding: word matches opcodes.yaml mask/value, fields legal, no ILLI'
  spec_cite: SimRISC-01 §立即数常数赋值：Immediate constant
  status: active
- class: semantic
  deferred_reason: null
  encoding:
    word: '0x4D041234'
  expected_fault: null
  expected_pc: null
  expected_state:
    memory: []
    ra: {}
    rb: {}
    rd:
      rd1: '0xFFFFFFFFFFFF1234'
  format: rwii
  input_state:
    rd:
      rd1: '0x0000000000000000'
  insn: set.ow-rd
  mnemonic: set.ow
  notes: 'set.ow: wp0, immu16=0x1234, rd1(old)=0x0'
  spec_cite: SimRISC-01 §立即数常数赋值：Immediate constant
  status: active
- class: encoding
  deferred_reason: null
  encoding:
    word: '0x4E040000'
  expected_fault: null
  expected_pc: null
  expected_state: null
  format: rwii
  input_state: {}
  insn: set.zw-rb
  mnemonic: set.zw
  notes: 'encoding: word matches opcodes.yaml mask/value, fields legal, no ILLI'
  spec_cite: SimRISC-02 §立即数常数赋值：Immediate constant
  status: active
- class: semantic
  deferred_reason: null
  encoding:
    word: '0x4E041234'
  expected_fault: null
  expected_pc: null
  expected_state:
    memory: []
    ra: {}
    rb:
      rb1: '0x0000000000001234'
    rd: {}
  format: rwii
  input_state:
    rb:
      rb1: '0x0000000000000000'
  insn: set.zw-rb
  mnemonic: set.zw
  notes: 'set.zw: wp0, immu16=0x1234, rb1(old)=0x0'
  spec_cite: SimRISC-02 §立即数常数赋值：Immediate constant
  status: active
- class: encoding
  deferred_reason: null
  encoding:
    word: '0x40B010C1'
  expected_fault: null
  expected_pc: null
  expected_state: null
  format: orri
  input_state: {}
  insn: rd2rd
  mnemonic: rd2rd
  notes: 'encoding: dst=1, src=3, count=1, fields legal'
  spec_cite: SimRISC-01 §寄存器组之间块赋值
  status: active
- class: semantic
  deferred_reason: null
  encoding:
    word: '0x40B010C1'
  expected_fault: null
  expected_pc: null
  expected_state:
    memory: []
    ra: {}
    rb: {}
    rd:
      rd1: '0x0000000000000010'
  format: orri
  input_state:
    rd:
      rd3: '0x0000000000000010'
  insn: rd2rd
  mnemonic: rd2rd
  notes: 'rd2rd: rd3..3 → rd1..1, count=1'
  spec_cite: SimRISC-01 §寄存器组之间块赋值
  status: active
- class: encoding
  deferred_reason: null
  encoding:
    word: '0x40B410C1'
  expected_fault: null
  expected_pc: null
  expected_state: null
  format: orri
  input_state: {}
  insn: rd2ra
  mnemonic: rd2ra
  notes: 'encoding: dst=1, src=3, count=1, fields legal'
  spec_cite: SimRISC-02 §寄存器组之间块赋值
  status: active
- class: semantic
  deferred_reason: null
  encoding:
    word: '0x40B410C1'
  expected_fault: null
  expected_pc: null
  expected_state:
    memory: []
    ra:
      ra1: '0x0000000000000010'
    rb: {}
    rd: {}
  format: orri
  input_state:
    rd:
      rd3: '0x0000000000000010'
  insn: rd2ra
  mnemonic: rd2ra
  notes: 'rd2ra: rd3..3 → ra1..1, count=1'
  spec_cite: SimRISC-02 §寄存器组之间块赋值
  status: active
- class: encoding
  deferred_reason: null
  encoding:
    word: '0x40B810C1'
  expected_fault: null
  expected_pc: null
  expected_state: null
  format: orri
  input_state: {}
  insn: ra2rd
  mnemonic: ra2rd
  notes: 'encoding: dst=1, src=3, count=1, fields legal'
  spec_cite: SimRISC-02 §寄存器组之间块赋值
  status: active
- class: semantic
  deferred_reason: null
  encoding:
    word: '0x40B810C1'
  expected_fault: null
  expected_pc: null
  expected_state:
    memory: []
    ra: {}
    rb: {}
    rd:
      rd1: '0x0000000000000010'
  format: orri
  input_state:
    ra:
      ra3: '0x0000000000000010'
  insn: ra2rd
  mnemonic: ra2rd
  notes: 'ra2rd: ra3..3 → rd1..1, count=1'
  spec_cite: SimRISC-02 §寄存器组之间块赋值
  status: active
- class: encoding
  deferred_reason: null
  encoding:
    word: '0x40D010C1'
  expected_fault: null
  expected_pc: null
  expected_state: null
  format: orri
  input_state: {}
  insn: rb2rb
  mnemonic: rb2rb
  notes: 'encoding: dst=1, src=3, count=1, fields legal'
  spec_cite: SimRISC-02 §寄存器组之间块赋值
  status: active
- class: semantic
  deferred_reason: null
  encoding:
    word: '0x40D010C1'
  expected_fault: null
  expected_pc: null
  expected_state:
    memory: []
    ra: {}
    rb:
      rb1: '0x0000000000000010'
    rd: {}
  format: orri
  input_state:
    rb:
      rb3: '0x0000000000000010'
  insn: rb2rb
  mnemonic: rb2rb
  notes: 'rb2rb: rb3..3 → rb1..1, count=1'
  spec_cite: SimRISC-02 §寄存器组之间块赋值
  status: active
- class: encoding
  deferred_reason: null
  encoding:
    word: '0x40D410C1'
  expected_fault: null
  expected_pc: null
  expected_state: null
  format: orri
  input_state: {}
  insn: rd2rb
  mnemonic: rd2rb
  notes: 'encoding: dst=1, src=3, count=1, fields legal'
  spec_cite: SimRISC-02 §寄存器组之间块赋值
  status: active
- class: semantic
  deferred_reason: null
  encoding:
    word: '0x40D410C1'
  expected_fault: null
  expected_pc: null
  expected_state:
    memory: []
    ra: {}
    rb:
      rb1: '0x0000000000000010'
    rd: {}
  format: orri
  input_state:
    rd:
      rd3: '0x0000000000000010'
  insn: rd2rb
  mnemonic: rd2rb
  notes: 'rd2rb: rd3..3 → rb1..1, count=1'
  spec_cite: SimRISC-02 §寄存器组之间块赋值
  status: active
- class: encoding
  deferred_reason: null
  encoding:
    word: '0x40D810C1'
  expected_fault: null
  expected_pc: null
  expected_state: null
  format: orri
  input_state: {}
  insn: rb2rd
  mnemonic: rb2rd
  notes: 'encoding: dst=1, src=3, count=1, fields legal'
  spec_cite: SimRISC-02 §寄存器组之间块赋值
  status: active
- class: semantic
  deferred_reason: null
  encoding:
    word: '0x40D810C1'
  expected_fault: null
  expected_pc: null
  expected_state:
    memory: []
    ra: {}
    rb: {}
    rd:
      rd1: '0x0000000000000010'
  format: orri
  input_state:
    rb:
      rb3: '0x0000000000000010'
  insn: rb2rd
  mnemonic: rb2rd
  notes: 'rb2rd: rb3..3 → rd1..1, count=1'
  spec_cite: SimRISC-02 §寄存器组之间块赋值
  status: active
